
Microsoft Visual Studio Solution File, Format Version 12.00
# Visual Studio Version 17
VisualStudioVersion = 17.8.34525.116
MinimumVisualStudioVersion = 10.0.40219.1
Project("{FAE04EC0-301F-11D3-BF4B-00C04F79EFBC}") = "EPlanner", "EPlanner.csproj", "{97ECDD07-A96B-46DA-AF07-104ED5FE3DBF}"
EndProject
Project("{FAE04EC0-301F-11D3-BF4B-00C04F79EFBC}") = "EPlannerDB", "..\EPlannerDB\EPlannerDB.csproj", "{71CDD073-9A07-4324-A81E-78703D1086D3}"
EndProject
Global
	GlobalSection(SolutionConfigurationPlatforms) = preSolution
		Debug|Any CPU = Debug|Any CPU
		Release|Any CPU = Release|Any CPU
	EndGlobalSection
	GlobalSection(ProjectConfigurationPlatforms) = postSolution
		{97ECDD07-A96B-46DA-AF07-104ED5FE3DBF}.Debug|Any CPU.ActiveCfg = Debug|Any CPU
		{97ECDD07-A96B-46DA-AF07-104ED5FE3DBF}.Debug|Any CPU.Build.0 = Debug|Any CPU
		{97ECDD07-A96B-46DA-AF07-104ED5FE3DBF}.Release|Any CPU.ActiveCfg = Release|Any CPU
		{97ECDD07-A96B-46DA-AF07-104ED5FE3DBF}.Release|Any CPU.Build.0 = Release|Any CPU
		{71CDD073-9A07-4324-A81E-78703D1086D3}.Debug|Any CPU.ActiveCfg = Debug|Any CPU
		{71CDD073-9A07-4324-A81E-78703D1086D3}.Debug|Any CPU.Build.0 = Debug|Any CPU
		{71CDD073-9A07-4324-A81E-78703D1086D3}.Release|Any CPU.ActiveCfg = Release|Any CPU
		{71CDD073-9A07-4324-A81E-78703D1086D3}.Release|Any CPU.Build.0 = Release|Any CPU
	EndGlobalSection
	GlobalSection(SolutionProperties) = preSolution
		HideSolutionNode = FALSE
	EndGlobalSection
	GlobalSection(ExtensibilityGlobals) = postSolution
		SolutionGuid = {E755938E-870E-4839-8FEE-32767E3561B8}
	EndGlobalSection
EndGlobal
